
Microsoft Visual Studio Solution File, Format Version 12.00
# Visual Studio Version 17
VisualStudioVersion = 17.9.34728.123
MinimumVisualStudioVersion = 10.0.40219.1
Project("{FAE04EC0-301F-11D3-BF4B-00C04F79EFBC}") = "ScrumPoker.Server", "ScrumPoker.Server\ScrumPoker.Server.csproj", "{AABDF52A-B9A0-4CD3-811F-2B23C7BD0DE2}"
EndProject
Project("{54A90642-561A-4BB1-A94E-469ADEE60C69}") = "scrumpoker.client", "scrumpoker.client\scrumpoker.client.esproj", "{55D56596-31D0-43A6-8086-136745D57276}"
EndProject
Global
	GlobalSection(SolutionConfigurationPlatforms) = preSolution
		Debug|Any CPU = Debug|Any CPU
		Release|Any CPU = Release|Any CPU
	EndGlobalSection
	GlobalSection(ProjectConfigurationPlatforms) = postSolution
		{AABDF52A-B9A0-4CD3-811F-2B23C7BD0DE2}.Debug|Any CPU.ActiveCfg = Debug|Any CPU
		{AABDF52A-B9A0-4CD3-811F-2B23C7BD0DE2}.Debug|Any CPU.Build.0 = Debug|Any CPU
		{AABDF52A-B9A0-4CD3-811F-2B23C7BD0DE2}.Release|Any CPU.ActiveCfg = Release|Any CPU
		{AABDF52A-B9A0-4CD3-811F-2B23C7BD0DE2}.Release|Any CPU.Build.0 = Release|Any CPU
		{55D56596-31D0-43A6-8086-136745D57276}.Debug|Any CPU.ActiveCfg = Debug|Any CPU
		{55D56596-31D0-43A6-8086-136745D57276}.Debug|Any CPU.Build.0 = Debug|Any CPU
		{55D56596-31D0-43A6-8086-136745D57276}.Debug|Any CPU.Deploy.0 = Debug|Any CPU
		{55D56596-31D0-43A6-8086-136745D57276}.Release|Any CPU.ActiveCfg = Release|Any CPU
		{55D56596-31D0-43A6-8086-136745D57276}.Release|Any CPU.Build.0 = Release|Any CPU
		{55D56596-31D0-43A6-8086-136745D57276}.Release|Any CPU.Deploy.0 = Release|Any CPU
	EndGlobalSection
	GlobalSection(SolutionProperties) = preSolution
		HideSolutionNode = FALSE
	EndGlobalSection
	GlobalSection(ExtensibilityGlobals) = postSolution
		SolutionGuid = {E0AF10A6-9A7F-48C2-8F18-A8310BB910E5}
	EndGlobalSection
EndGlobal
